<?xml version="1.0" encoding="utf-8"?>
<Project ToolsVersion="4.0" xmlns="http://schemas.microsoft.com/developer/msbuild/2003">
  <ItemGroup>
    <Filter Include="Source Files">
      <UniqueIdentifier>{4FC737F1-C7A5-4376-A066-2A32D752A2FF}</UniqueIdentifier>
      <Extensions>cpp;c;cc;cxx;c++;def;odl;idl;hpj;bat;asm;asmx</Extensions>
    </Filter>
    <Filter Include="Header Files">
      <UniqueIdentifier>{93995380-89BD-4b04-88EB-625FBE52EBFB}</UniqueIdentifier>
      <Extensions>h;hh;hpp;hxx;h++;hm;inl;inc;ipp;xsd</Extensions>
    </Filter>
    <Filter Include="Resource Files">
      <UniqueIdentifier>{67DA6AB6-F800-4c08-8B7A-83BB121AAD01}</UniqueIdentifier>
      <Extensions>rc;ico;cur;bmp;dlg;rc2;rct;bin;rgs;gif;jpg;jpeg;jpe;resx;tiff;tif;png;wav;mfcribbon-ms</Extensions>
    </Filter>
    <Filter Include="Exercises">
      <UniqueIdentifier>{5c108a8d-7ac3-40d9-9eae-1c7660b45d45}</UniqueIdentifier>
    </Filter>
    <Filter Include="Exercises\01">
      <UniqueIdentifier>{d02bb257-5776-4102-85fe-10f6f8ba715c}</UniqueIdentifier>
    </Filter>
    <Filter Include="Exercises\02">
      <UniqueIdentifier>{762045a1-cc92-4f9c-9d77-5849674081e8}</UniqueIdentifier>
    </Filter>
  </ItemGroup>
  <ItemGroup>
    <ClCompile Include="main.cpp">
      <Filter>Source Files</Filter>
    </ClCompile>
    <ClCompile Include="exercise-01.cpp">
      <Filter>Exercises\01</Filter>
    </ClCompile>
    <ClCompile Include="exercise-02.cpp">
      <Filter>Exercises\02</Filter>
    </ClCompile>
  </ItemGroup>
  <ItemGroup>
    <ClInclude Include="exercise-01.h">
      <Filter>Exercises\01</Filter>
    </ClInclude>
    <ClInclude Include="exercise-02.h">
      <Filter>Exercises\02</Filter>
    </ClInclude>
  </ItemGroup>
</Project>