<?xml version="1.0" encoding="utf-8"?>
<Project ToolsVersion="4.0" xmlns="http://schemas.microsoft.com/developer/msbuild/2003">
  <ItemGroup>
    <Filter Include="Source Files">
      <UniqueIdentifier>{4FC737F1-C7A5-4376-A066-2A32D752A2FF}</UniqueIdentifier>
      <Extensions>cpp;c;cc;cxx;c++;cppm;ixx;def;odl;idl;hpj;bat;asm;asmx</Extensions>
    </Filter>
    <Filter Include="Header Files">
      <UniqueIdentifier>{93995380-89BD-4b04-88EB-625FBE52EBFB}</UniqueIdentifier>
      <Extensions>h;hh;hpp;hxx;h++;hm;inl;inc;ipp;xsd</Extensions>
    </Filter>
    <Filter Include="Resource Files">
      <UniqueIdentifier>{67DA6AB6-F800-4c08-8B7A-83BB121AAD01}</UniqueIdentifier>
      <Extensions>rc;ico;cur;bmp;dlg;rc2;rct;bin;rgs;gif;jpg;jpeg;jpe;resx;tiff;tif;png;wav;mfcribbon-ms</Extensions>
    </Filter>
    <Filter Include="Exercises">
      <UniqueIdentifier>{b186f7fd-cd08-4f9b-821e-cdf50c747e9d}</UniqueIdentifier>
    </Filter>
    <Filter Include="Exercises\01">
      <UniqueIdentifier>{3c3e5d21-f511-4b93-af4d-612bcd73e27e}</UniqueIdentifier>
    </Filter>
    <Filter Include="Exercises\02">
      <UniqueIdentifier>{8c932372-e3cf-4e59-b8d9-2fcfe7c04535}</UniqueIdentifier>
    </Filter>
    <Filter Include="Exercises\03">
      <UniqueIdentifier>{f2f71221-5401-4604-9b3b-fb19ac39415c}</UniqueIdentifier>
    </Filter>
    <Filter Include="Exercises\04">
      <UniqueIdentifier>{5d1b8c32-2d14-4d45-9458-a0d32a574fa7}</UniqueIdentifier>
    </Filter>
    <Filter Include="Exercises\05">
      <UniqueIdentifier>{699d4c6f-a514-412b-b7a4-d8bf5c4fc7c0}</UniqueIdentifier>
    </Filter>
    <Filter Include="Exercises\06">
      <UniqueIdentifier>{6f851639-8bc5-4939-8a46-9d253e0760bf}</UniqueIdentifier>
    </Filter>
    <Filter Include="Exercises\07">
      <UniqueIdentifier>{422cbfa0-9779-4701-95d7-fadbaa92de4f}</UniqueIdentifier>
    </Filter>
  </ItemGroup>
  <ItemGroup>
    <ClCompile Include="main.cpp">
      <Filter>Source Files</Filter>
    </ClCompile>
    <ClCompile Include="exercise-01.cpp">
      <Filter>Exercises\01</Filter>
    </ClCompile>
    <ClCompile Include="exercise-02.cpp">
      <Filter>Exercises\02</Filter>
    </ClCompile>
    <ClCompile Include="exercise-03.cpp">
      <Filter>Exercises\03</Filter>
    </ClCompile>
    <ClCompile Include="exercise-04.cpp">
      <Filter>Exercises\04</Filter>
    </ClCompile>
    <ClCompile Include="exercise-05.cpp">
      <Filter>Exercises\05</Filter>
    </ClCompile>
    <ClCompile Include="exercise-06.cpp">
      <Filter>Exercises\06</Filter>
    </ClCompile>
  </ItemGroup>
  <ItemGroup>
    <ClInclude Include="exercise-01.h">
      <Filter>Exercises\01</Filter>
    </ClInclude>
    <ClInclude Include="exercise-02.h">
      <Filter>Exercises\02</Filter>
    </ClInclude>
    <ClInclude Include="exercise-03.h">
      <Filter>Exercises\03</Filter>
    </ClInclude>
    <ClInclude Include="exercise-04.h">
      <Filter>Exercises\04</Filter>
    </ClInclude>
    <ClInclude Include="exercise-05.h">
      <Filter>Exercises\05</Filter>
    </ClInclude>
    <ClInclude Include="exercise-06.h">
      <Filter>Exercises\06</Filter>
    </ClInclude>
    <ClInclude Include="exercise-07.h">
      <Filter>Exercises\07</Filter>
    </ClInclude>
  </ItemGroup>
</Project>